
Microsoft Visual Studio Solution File, Format Version 12.00
# Visual Studio Version 17
VisualStudioVersion = 17.0.31903.59
MinimumVisualStudioVersion = 10.0.40219.1
Project("{9A19103F-16F7-4668-BE54-9A1E7A4F7556}") = "Smartstore.Web", "src\Smartstore.Web\Smartstore.Web.csproj", "{25E0AA77-1B48-4F6E-B42F-9F428ED968D1}"
EndProject
Project("{9A19103F-16F7-4668-BE54-9A1E7A4F7556}") = "Smartstore.Web.Common", "src\Smartstore.Web.Common\Smartstore.Web.Common.csproj", "{9B633587-C5DE-45EF-8F20-46B341EC5C6F}"
EndProject
Project("{9A19103F-16F7-4668-BE54-9A1E7A4F7556}") = "Smartstore.Core", "src\Smartstore.Core\Smartstore.Core.csproj", "{163E349C-9F36-4604-8F19-49F43DB1899B}"
EndProject
Project("{9A19103F-16F7-4668-BE54-9A1E7A4F7556}") = "Smartstore", "src\Smartstore\Smartstore.csproj", "{2DEC17CE-3292-4F40-AC27-2F17ECABC2B2}"
EndProject
Project("{2150E333-8FDC-42A3-9474-1A3956D46DE8}") = "Modules", "Modules", "{E5C1AA43-6B44-4EFA-8DE9-6070EE007CE3}"
EndProject
Project("{2150E333-8FDC-42A3-9474-1A3956D46DE8}") = "Tests", "Tests", "{B3391994-AE0F-4C8C-AE8E-968F6013B4B6}"
EndProject
Project("{9A19103F-16F7-4668-BE54-9A1E7A4F7556}") = "Smartstore.Test.Common", "test\Smartstore.Test.Common\Smartstore.Test.Common.csproj", "{1F0EDB0F-8A4D-4E0A-8DDA-DA999276033D}"
EndProject
Project("{9A19103F-16F7-4668-BE54-9A1E7A4F7556}") = "Smartstore.Tests", "test\Smartstore.Tests\Smartstore.Tests.csproj", "{03D6513D-C334-4AD8-8469-692E2E7E4121}"
EndProject
Project("{9A19103F-16F7-4668-BE54-9A1E7A4F7556}") = "Smartstore.Core.Tests", "test\Smartstore.Core.Tests\Smartstore.Core.Tests.csproj", "{C1484772-1A5F-4077-BFE2-7278240B303D}"
EndProject
Project("{2150E333-8FDC-42A3-9474-1A3956D46DE8}") = "Data", "Data", "{82A38DDA-C944-4C15-AF43-86732F8ED15A}"
EndProject
Project("{9A19103F-16F7-4668-BE54-9A1E7A4F7556}") = "Smartstore.Data.SqlServer", "src\Data\Smartstore.Data.SqlServer\Smartstore.Data.SqlServer.csproj", "{BFC8BA20-AB93-4B37-B9BB-6783BA5B194F}"
EndProject
Project("{9A19103F-16F7-4668-BE54-9A1E7A4F7556}") = "Smartstore.Data.MySql", "src\Data\Smartstore.Data.MySql\Smartstore.Data.MySql.csproj", "{253DECF2-2ECA-4A90-955B-9299CCEC1363}"
EndProject
Project("{9A19103F-16F7-4668-BE54-9A1E7A4F7556}") = "Smartstore.Web.Tests", "test\Smartstore.Web.Tests\Smartstore.Web.Tests.csproj", "{EAA90B11-ED40-4AB1-8027-45226471F9EE}"
EndProject
Project("{9A19103F-16F7-4668-BE54-9A1E7A4F7556}") = "Smartstore.DevTools", "src\Smartstore.Modules\Smartstore.DevTools\Smartstore.DevTools.csproj", "{62C64D0B-D937-40B2-B89D-198B2409FC84}"
EndProject
Project("{2150E333-8FDC-42A3-9474-1A3956D46DE8}") = "Solution Items", "Solution Items", "{4C0385CB-1ABE-4569-AA9D-0C3DCBE44479}"
	ProjectSection(SolutionItems) = preProject
		src\Smartstore.Modules\module.schema.json = src\Smartstore.Modules\module.schema.json
	EndProjectSection
EndProject
Project("{2150E333-8FDC-42A3-9474-1A3956D46DE8}") = "Build", "Build", "{1DE93C7F-22CE-462C-BB6E-7282F4403F2E}"
	ProjectSection(SolutionItems) = preProject
		src\Build\Smartstore.Common.props = src\Build\Smartstore.Common.props
		src\Build\Smartstore.Common.targets = src\Build\Smartstore.Common.targets
		src\Build\Smartstore.Module.props = src\Build\Smartstore.Module.props
		src\Build\Smartstore.Module.targets = src\Build\Smartstore.Module.targets
	EndProjectSection
EndProject
Project("{2150E333-8FDC-42A3-9474-1A3956D46DE8}") = "Tools", "Tools", "{5135A2B0-95B5-46AD-906A-70A2364B892B}"
EndProject
Project("{9A19103F-16F7-4668-BE54-9A1E7A4F7556}") = "Smartstore.ModuleBuilder", "src\Build\Smartstore.ModuleBuilder\src\Smartstore.ModuleBuilder.csproj", "{23B334CE-7FFC-464E-A0A8-FFCB084E8F24}"
EndProject
Project("{9A19103F-16F7-4668-BE54-9A1E7A4F7556}") = "Smartstore.Forums", "src\Smartstore.Modules\Smartstore.Forums\Smartstore.Forums.csproj", "{BB9E738C-0785-497F-9391-2B4CA242B567}"
EndProject
Project("{9A19103F-16F7-4668-BE54-9A1E7A4F7556}") = "Smartstore.Blog", "src\Smartstore.Modules\Smartstore.Blog\Smartstore.Blog.csproj", "{944E4667-6CA2-4AD6-B9B0-F8E8C7903473}"
EndProject
Project("{9A19103F-16F7-4668-BE54-9A1E7A4F7556}") = "Smartstore.News", "src\Smartstore.Modules\Smartstore.News\Smartstore.News.csproj", "{EC56AF56-625F-4E37-AE5D-30CD544C8DBF}"
EndProject
Project("{9A19103F-16F7-4668-BE54-9A1E7A4F7556}") = "Smartstore.Polls", "src\Smartstore.Modules\Smartstore.Polls\Smartstore.Polls.csproj", "{16F94B03-09A7-47E9-B80A-AAFEC335ED5C}"
EndProject
Project("{9A19103F-16F7-4668-BE54-9A1E7A4F7556}") = "Smartstore.Facebook.Auth", "src\Smartstore.Modules\Smartstore.Facebook.Auth\Smartstore.Facebook.Auth.csproj", "{7584AF3C-BABB-4710-B3BF-1C0C3ABD3970}"
EndProject
Project("{9A19103F-16F7-4668-BE54-9A1E7A4F7556}") = "Smartstore.Twitter.Auth", "src\Smartstore.Modules\Smartstore.Twitter.Auth\Smartstore.Twitter.Auth.csproj", "{AC586A7E-00A2-4163-923F-B23BB6DD5B16}"
EndProject
Project("{9A19103F-16F7-4668-BE54-9A1E7A4F7556}") = "Smartstore.Google.Auth", "src\Smartstore.Modules\Smartstore.Google.Auth\Smartstore.Google.Auth.csproj", "{3084396C-7945-4DDB-9B54-ED68A69C4892}"
EndProject
Project("{9A19103F-16F7-4668-BE54-9A1E7A4F7556}") = "Smartstore.Microsoft.Auth", "src\Smartstore.Modules\Smartstore.Microsoft.Auth\Smartstore.Microsoft.Auth.csproj", "{4BE8C64B-5301-486C-AB35-F89BA829EB00}"
EndProject
Project("{9A19103F-16F7-4668-BE54-9A1E7A4F7556}") = "Smartstore.Tax", "src\Smartstore.Modules\Smartstore.Tax\Smartstore.Tax.csproj", "{23B1A1CF-55B5-405F-A21A-DCC936CD73D4}"
EndProject
Project("{9A19103F-16F7-4668-BE54-9A1E7A4F7556}") = "Smartstore.OfflinePayment", "src\Smartstore.Modules\Smartstore.OfflinePayment\Smartstore.OfflinePayment.csproj", "{BFFCA72C-F9A8-4966-8691-F3243EE9D472}"
EndProject
Project("{9A19103F-16F7-4668-BE54-9A1E7A4F7556}") = "Smartstore.Shipping", "src\Smartstore.Modules\Smartstore.Shipping\Smartstore.Shipping.csproj", "{F945B5FE-0B1F-443F-8395-C441A6F84348}"
EndProject
Project("{9A19103F-16F7-4668-BE54-9A1E7A4F7556}") = "Smartstore.Clickatell", "src\Smartstore.Modules\Smartstore.Clickatell\Smartstore.Clickatell.csproj", "{54FBCDEA-FF29-4988-A699-F1592C790DA3}"
EndProject
Project("{9A19103F-16F7-4668-BE54-9A1E7A4F7556}") = "Smartstore.ShippingByWeight", "src\Smartstore.Modules\Smartstore.ShippingByWeight\Smartstore.ShippingByWeight.csproj", "{BEA9D71F-6B39-4B68-909F-868B9E53038E}"
EndProject
Project("{9A19103F-16F7-4668-BE54-9A1E7A4F7556}") = "Smartstore.Google.Analytics", "src\Smartstore.Modules\Smartstore.Google.Analytics\Smartstore.Google.Analytics.csproj", "{290CAB7D-A6AD-4605-A59D-91A1921213E2}"
EndProject
Project("{9A19103F-16F7-4668-BE54-9A1E7A4F7556}") = "Smartstore.Google.MerchantCenter", "src\Smartstore.Modules\Smartstore.Google.MerchantCenter\Smartstore.Google.MerchantCenter.csproj", "{BBB5935F-1E33-4D47-9B3E-7E92F3A4E54A}"
EndProject
Project("{9A19103F-16F7-4668-BE54-9A1E7A4F7556}") = "Smartstore.AmazonPay", "src\Smartstore.Modules\Smartstore.AmazonPay\Smartstore.AmazonPay.csproj", "{6A9FA9E0-029C-4565-BD2E-10A209D78031}"
EndProject
Global
	GlobalSection(SolutionConfigurationPlatforms) = preSolution
		Debug|Any CPU = Debug|Any CPU
		Release|Any CPU = Release|Any CPU
	EndGlobalSection
	GlobalSection(ProjectConfigurationPlatforms) = postSolution
		{25E0AA77-1B48-4F6E-B42F-9F428ED968D1}.Debug|Any CPU.ActiveCfg = Debug|Any CPU
		{25E0AA77-1B48-4F6E-B42F-9F428ED968D1}.Debug|Any CPU.Build.0 = Debug|Any CPU
		{25E0AA77-1B48-4F6E-B42F-9F428ED968D1}.Release|Any CPU.ActiveCfg = Release|Any CPU
		{25E0AA77-1B48-4F6E-B42F-9F428ED968D1}.Release|Any CPU.Build.0 = Release|Any CPU
		{9B633587-C5DE-45EF-8F20-46B341EC5C6F}.Debug|Any CPU.ActiveCfg = Debug|Any CPU
		{9B633587-C5DE-45EF-8F20-46B341EC5C6F}.Debug|Any CPU.Build.0 = Debug|Any CPU
		{9B633587-C5DE-45EF-8F20-46B341EC5C6F}.Release|Any CPU.ActiveCfg = Release|Any CPU
		{9B633587-C5DE-45EF-8F20-46B341EC5C6F}.Release|Any CPU.Build.0 = Release|Any CPU
		{163E349C-9F36-4604-8F19-49F43DB1899B}.Debug|Any CPU.ActiveCfg = Debug|Any CPU
		{163E349C-9F36-4604-8F19-49F43DB1899B}.Debug|Any CPU.Build.0 = Debug|Any CPU
		{163E349C-9F36-4604-8F19-49F43DB1899B}.Release|Any CPU.ActiveCfg = Release|Any CPU
		{163E349C-9F36-4604-8F19-49F43DB1899B}.Release|Any CPU.Build.0 = Release|Any CPU
		{2DEC17CE-3292-4F40-AC27-2F17ECABC2B2}.Debug|Any CPU.ActiveCfg = Debug|Any CPU
		{2DEC17CE-3292-4F40-AC27-2F17ECABC2B2}.Debug|Any CPU.Build.0 = Debug|Any CPU
		{2DEC17CE-3292-4F40-AC27-2F17ECABC2B2}.Release|Any CPU.ActiveCfg = Release|Any CPU
		{2DEC17CE-3292-4F40-AC27-2F17ECABC2B2}.Release|Any CPU.Build.0 = Release|Any CPU
		{1F0EDB0F-8A4D-4E0A-8DDA-DA999276033D}.Debug|Any CPU.ActiveCfg = Debug|Any CPU
		{1F0EDB0F-8A4D-4E0A-8DDA-DA999276033D}.Debug|Any CPU.Build.0 = Debug|Any CPU
		{1F0EDB0F-8A4D-4E0A-8DDA-DA999276033D}.Release|Any CPU.ActiveCfg = Release|Any CPU
		{1F0EDB0F-8A4D-4E0A-8DDA-DA999276033D}.Release|Any CPU.Build.0 = Release|Any CPU
		{03D6513D-C334-4AD8-8469-692E2E7E4121}.Debug|Any CPU.ActiveCfg = Debug|Any CPU
		{03D6513D-C334-4AD8-8469-692E2E7E4121}.Debug|Any CPU.Build.0 = Debug|Any CPU
		{03D6513D-C334-4AD8-8469-692E2E7E4121}.Release|Any CPU.ActiveCfg = Release|Any CPU
		{03D6513D-C334-4AD8-8469-692E2E7E4121}.Release|Any CPU.Build.0 = Release|Any CPU
		{C1484772-1A5F-4077-BFE2-7278240B303D}.Debug|Any CPU.ActiveCfg = Debug|Any CPU
		{C1484772-1A5F-4077-BFE2-7278240B303D}.Debug|Any CPU.Build.0 = Debug|Any CPU
		{C1484772-1A5F-4077-BFE2-7278240B303D}.Release|Any CPU.ActiveCfg = Release|Any CPU
		{C1484772-1A5F-4077-BFE2-7278240B303D}.Release|Any CPU.Build.0 = Release|Any CPU
		{BFC8BA20-AB93-4B37-B9BB-6783BA5B194F}.Debug|Any CPU.ActiveCfg = Debug|Any CPU
		{BFC8BA20-AB93-4B37-B9BB-6783BA5B194F}.Debug|Any CPU.Build.0 = Debug|Any CPU
		{BFC8BA20-AB93-4B37-B9BB-6783BA5B194F}.Release|Any CPU.ActiveCfg = Release|Any CPU
		{BFC8BA20-AB93-4B37-B9BB-6783BA5B194F}.Release|Any CPU.Build.0 = Release|Any CPU
		{253DECF2-2ECA-4A90-955B-9299CCEC1363}.Debug|Any CPU.ActiveCfg = Debug|Any CPU
		{253DECF2-2ECA-4A90-955B-9299CCEC1363}.Debug|Any CPU.Build.0 = Debug|Any CPU
		{253DECF2-2ECA-4A90-955B-9299CCEC1363}.Release|Any CPU.ActiveCfg = Release|Any CPU
		{253DECF2-2ECA-4A90-955B-9299CCEC1363}.Release|Any CPU.Build.0 = Release|Any CPU
		{EAA90B11-ED40-4AB1-8027-45226471F9EE}.Debug|Any CPU.ActiveCfg = Debug|Any CPU
		{EAA90B11-ED40-4AB1-8027-45226471F9EE}.Debug|Any CPU.Build.0 = Debug|Any CPU
		{EAA90B11-ED40-4AB1-8027-45226471F9EE}.Release|Any CPU.ActiveCfg = Release|Any CPU
		{EAA90B11-ED40-4AB1-8027-45226471F9EE}.Release|Any CPU.Build.0 = Release|Any CPU
		{62C64D0B-D937-40B2-B89D-198B2409FC84}.Debug|Any CPU.ActiveCfg = Debug|Any CPU
		{62C64D0B-D937-40B2-B89D-198B2409FC84}.Debug|Any CPU.Build.0 = Debug|Any CPU
		{62C64D0B-D937-40B2-B89D-198B2409FC84}.Release|Any CPU.ActiveCfg = Release|Any CPU
		{62C64D0B-D937-40B2-B89D-198B2409FC84}.Release|Any CPU.Build.0 = Release|Any CPU
		{23B334CE-7FFC-464E-A0A8-FFCB084E8F24}.Debug|Any CPU.ActiveCfg = Debug|Any CPU
		{23B334CE-7FFC-464E-A0A8-FFCB084E8F24}.Debug|Any CPU.Build.0 = Debug|Any CPU
		{23B334CE-7FFC-464E-A0A8-FFCB084E8F24}.Release|Any CPU.ActiveCfg = Release|Any CPU
		{23B334CE-7FFC-464E-A0A8-FFCB084E8F24}.Release|Any CPU.Build.0 = Release|Any CPU
		{BB9E738C-0785-497F-9391-2B4CA242B567}.Debug|Any CPU.ActiveCfg = Debug|Any CPU
		{BB9E738C-0785-497F-9391-2B4CA242B567}.Debug|Any CPU.Build.0 = Debug|Any CPU
		{BB9E738C-0785-497F-9391-2B4CA242B567}.Release|Any CPU.ActiveCfg = Release|Any CPU
		{BB9E738C-0785-497F-9391-2B4CA242B567}.Release|Any CPU.Build.0 = Release|Any CPU
		{944E4667-6CA2-4AD6-B9B0-F8E8C7903473}.Debug|Any CPU.ActiveCfg = Debug|Any CPU
		{944E4667-6CA2-4AD6-B9B0-F8E8C7903473}.Debug|Any CPU.Build.0 = Debug|Any CPU
		{944E4667-6CA2-4AD6-B9B0-F8E8C7903473}.Release|Any CPU.ActiveCfg = Release|Any CPU
		{944E4667-6CA2-4AD6-B9B0-F8E8C7903473}.Release|Any CPU.Build.0 = Release|Any CPU
		{EC56AF56-625F-4E37-AE5D-30CD544C8DBF}.Debug|Any CPU.ActiveCfg = Debug|Any CPU
		{EC56AF56-625F-4E37-AE5D-30CD544C8DBF}.Debug|Any CPU.Build.0 = Debug|Any CPU
		{EC56AF56-625F-4E37-AE5D-30CD544C8DBF}.Release|Any CPU.ActiveCfg = Release|Any CPU
		{EC56AF56-625F-4E37-AE5D-30CD544C8DBF}.Release|Any CPU.Build.0 = Release|Any CPU
		{16F94B03-09A7-47E9-B80A-AAFEC335ED5C}.Debug|Any CPU.ActiveCfg = Debug|Any CPU
		{16F94B03-09A7-47E9-B80A-AAFEC335ED5C}.Debug|Any CPU.Build.0 = Debug|Any CPU
		{16F94B03-09A7-47E9-B80A-AAFEC335ED5C}.Release|Any CPU.ActiveCfg = Release|Any CPU
		{16F94B03-09A7-47E9-B80A-AAFEC335ED5C}.Release|Any CPU.Build.0 = Release|Any CPU
		{7584AF3C-BABB-4710-B3BF-1C0C3ABD3970}.Debug|Any CPU.ActiveCfg = Debug|Any CPU
		{7584AF3C-BABB-4710-B3BF-1C0C3ABD3970}.Debug|Any CPU.Build.0 = Debug|Any CPU
		{7584AF3C-BABB-4710-B3BF-1C0C3ABD3970}.Release|Any CPU.ActiveCfg = Release|Any CPU
		{7584AF3C-BABB-4710-B3BF-1C0C3ABD3970}.Release|Any CPU.Build.0 = Release|Any CPU
		{AC586A7E-00A2-4163-923F-B23BB6DD5B16}.Debug|Any CPU.ActiveCfg = Debug|Any CPU
		{AC586A7E-00A2-4163-923F-B23BB6DD5B16}.Debug|Any CPU.Build.0 = Debug|Any CPU
		{AC586A7E-00A2-4163-923F-B23BB6DD5B16}.Release|Any CPU.ActiveCfg = Release|Any CPU
		{AC586A7E-00A2-4163-923F-B23BB6DD5B16}.Release|Any CPU.Build.0 = Release|Any CPU
		{3084396C-7945-4DDB-9B54-ED68A69C4892}.Debug|Any CPU.ActiveCfg = Debug|Any CPU
		{3084396C-7945-4DDB-9B54-ED68A69C4892}.Debug|Any CPU.Build.0 = Debug|Any CPU
		{3084396C-7945-4DDB-9B54-ED68A69C4892}.Release|Any CPU.ActiveCfg = Release|Any CPU
		{3084396C-7945-4DDB-9B54-ED68A69C4892}.Release|Any CPU.Build.0 = Release|Any CPU
		{4BE8C64B-5301-486C-AB35-F89BA829EB00}.Debug|Any CPU.ActiveCfg = Debug|Any CPU
		{4BE8C64B-5301-486C-AB35-F89BA829EB00}.Debug|Any CPU.Build.0 = Debug|Any CPU
		{4BE8C64B-5301-486C-AB35-F89BA829EB00}.Release|Any CPU.ActiveCfg = Release|Any CPU
		{4BE8C64B-5301-486C-AB35-F89BA829EB00}.Release|Any CPU.Build.0 = Release|Any CPU
		{23B1A1CF-55B5-405F-A21A-DCC936CD73D4}.Debug|Any CPU.ActiveCfg = Debug|Any CPU
		{23B1A1CF-55B5-405F-A21A-DCC936CD73D4}.Debug|Any CPU.Build.0 = Debug|Any CPU
		{23B1A1CF-55B5-405F-A21A-DCC936CD73D4}.Release|Any CPU.ActiveCfg = Release|Any CPU
		{23B1A1CF-55B5-405F-A21A-DCC936CD73D4}.Release|Any CPU.Build.0 = Release|Any CPU
		{BFFCA72C-F9A8-4966-8691-F3243EE9D472}.Debug|Any CPU.ActiveCfg = Debug|Any CPU
		{BFFCA72C-F9A8-4966-8691-F3243EE9D472}.Debug|Any CPU.Build.0 = Debug|Any CPU
		{BFFCA72C-F9A8-4966-8691-F3243EE9D472}.Release|Any CPU.ActiveCfg = Release|Any CPU
		{BFFCA72C-F9A8-4966-8691-F3243EE9D472}.Release|Any CPU.Build.0 = Release|Any CPU
		{F945B5FE-0B1F-443F-8395-C441A6F84348}.Debug|Any CPU.ActiveCfg = Debug|Any CPU
		{F945B5FE-0B1F-443F-8395-C441A6F84348}.Debug|Any CPU.Build.0 = Debug|Any CPU
		{F945B5FE-0B1F-443F-8395-C441A6F84348}.Release|Any CPU.ActiveCfg = Release|Any CPU
		{F945B5FE-0B1F-443F-8395-C441A6F84348}.Release|Any CPU.Build.0 = Release|Any CPU
		{54FBCDEA-FF29-4988-A699-F1592C790DA3}.Debug|Any CPU.ActiveCfg = Debug|Any CPU
		{54FBCDEA-FF29-4988-A699-F1592C790DA3}.Debug|Any CPU.Build.0 = Debug|Any CPU
		{54FBCDEA-FF29-4988-A699-F1592C790DA3}.Release|Any CPU.ActiveCfg = Release|Any CPU
		{54FBCDEA-FF29-4988-A699-F1592C790DA3}.Release|Any CPU.Build.0 = Release|Any CPU
		{BEA9D71F-6B39-4B68-909F-868B9E53038E}.Debug|Any CPU.ActiveCfg = Debug|Any CPU
		{BEA9D71F-6B39-4B68-909F-868B9E53038E}.Debug|Any CPU.Build.0 = Debug|Any CPU
		{BEA9D71F-6B39-4B68-909F-868B9E53038E}.Release|Any CPU.ActiveCfg = Release|Any CPU
		{BEA9D71F-6B39-4B68-909F-868B9E53038E}.Release|Any CPU.Build.0 = Release|Any CPU
		{290CAB7D-A6AD-4605-A59D-91A1921213E2}.Debug|Any CPU.ActiveCfg = Debug|Any CPU
		{290CAB7D-A6AD-4605-A59D-91A1921213E2}.Debug|Any CPU.Build.0 = Debug|Any CPU
		{290CAB7D-A6AD-4605-A59D-91A1921213E2}.Release|Any CPU.ActiveCfg = Release|Any CPU
		{290CAB7D-A6AD-4605-A59D-91A1921213E2}.Release|Any CPU.Build.0 = Release|Any CPU
		{BBB5935F-1E33-4D47-9B3E-7E92F3A4E54A}.Debug|Any CPU.ActiveCfg = Debug|Any CPU
		{BBB5935F-1E33-4D47-9B3E-7E92F3A4E54A}.Debug|Any CPU.Build.0 = Debug|Any CPU
		{BBB5935F-1E33-4D47-9B3E-7E92F3A4E54A}.Release|Any CPU.ActiveCfg = Release|Any CPU
		{BBB5935F-1E33-4D47-9B3E-7E92F3A4E54A}.Release|Any CPU.Build.0 = Release|Any CPU
		{6A9FA9E0-029C-4565-BD2E-10A209D78031}.Debug|Any CPU.ActiveCfg = Debug|Any CPU
		{6A9FA9E0-029C-4565-BD2E-10A209D78031}.Debug|Any CPU.Build.0 = Debug|Any CPU
		{6A9FA9E0-029C-4565-BD2E-10A209D78031}.Release|Any CPU.ActiveCfg = Release|Any CPU
		{6A9FA9E0-029C-4565-BD2E-10A209D78031}.Release|Any CPU.Build.0 = Release|Any CPU
	EndGlobalSection
	GlobalSection(SolutionProperties) = preSolution
		HideSolutionNode = FALSE
	EndGlobalSection
	GlobalSection(NestedProjects) = preSolution
		{1F0EDB0F-8A4D-4E0A-8DDA-DA999276033D} = {B3391994-AE0F-4C8C-AE8E-968F6013B4B6}
		{03D6513D-C334-4AD8-8469-692E2E7E4121} = {B3391994-AE0F-4C8C-AE8E-968F6013B4B6}
		{C1484772-1A5F-4077-BFE2-7278240B303D} = {B3391994-AE0F-4C8C-AE8E-968F6013B4B6}
		{BFC8BA20-AB93-4B37-B9BB-6783BA5B194F} = {82A38DDA-C944-4C15-AF43-86732F8ED15A}
		{253DECF2-2ECA-4A90-955B-9299CCEC1363} = {82A38DDA-C944-4C15-AF43-86732F8ED15A}
		{EAA90B11-ED40-4AB1-8027-45226471F9EE} = {B3391994-AE0F-4C8C-AE8E-968F6013B4B6}
		{62C64D0B-D937-40B2-B89D-198B2409FC84} = {E5C1AA43-6B44-4EFA-8DE9-6070EE007CE3}
		{1DE93C7F-22CE-462C-BB6E-7282F4403F2E} = {4C0385CB-1ABE-4569-AA9D-0C3DCBE44479}
		{23B334CE-7FFC-464E-A0A8-FFCB084E8F24} = {5135A2B0-95B5-46AD-906A-70A2364B892B}
		{BB9E738C-0785-497F-9391-2B4CA242B567} = {E5C1AA43-6B44-4EFA-8DE9-6070EE007CE3}
		{944E4667-6CA2-4AD6-B9B0-F8E8C7903473} = {E5C1AA43-6B44-4EFA-8DE9-6070EE007CE3}
		{EC56AF56-625F-4E37-AE5D-30CD544C8DBF} = {E5C1AA43-6B44-4EFA-8DE9-6070EE007CE3}
		{16F94B03-09A7-47E9-B80A-AAFEC335ED5C} = {E5C1AA43-6B44-4EFA-8DE9-6070EE007CE3}
		{7584AF3C-BABB-4710-B3BF-1C0C3ABD3970} = {E5C1AA43-6B44-4EFA-8DE9-6070EE007CE3}
		{AC586A7E-00A2-4163-923F-B23BB6DD5B16} = {E5C1AA43-6B44-4EFA-8DE9-6070EE007CE3}
		{3084396C-7945-4DDB-9B54-ED68A69C4892} = {E5C1AA43-6B44-4EFA-8DE9-6070EE007CE3}
		{4BE8C64B-5301-486C-AB35-F89BA829EB00} = {E5C1AA43-6B44-4EFA-8DE9-6070EE007CE3}
		{23B1A1CF-55B5-405F-A21A-DCC936CD73D4} = {E5C1AA43-6B44-4EFA-8DE9-6070EE007CE3}
		{BFFCA72C-F9A8-4966-8691-F3243EE9D472} = {E5C1AA43-6B44-4EFA-8DE9-6070EE007CE3}
		{F945B5FE-0B1F-443F-8395-C441A6F84348} = {E5C1AA43-6B44-4EFA-8DE9-6070EE007CE3}
		{54FBCDEA-FF29-4988-A699-F1592C790DA3} = {E5C1AA43-6B44-4EFA-8DE9-6070EE007CE3}
		{BEA9D71F-6B39-4B68-909F-868B9E53038E} = {E5C1AA43-6B44-4EFA-8DE9-6070EE007CE3}
		{290CAB7D-A6AD-4605-A59D-91A1921213E2} = {E5C1AA43-6B44-4EFA-8DE9-6070EE007CE3}
		{BBB5935F-1E33-4D47-9B3E-7E92F3A4E54A} = {E5C1AA43-6B44-4EFA-8DE9-6070EE007CE3}
		{6A9FA9E0-029C-4565-BD2E-10A209D78031} = {E5C1AA43-6B44-4EFA-8DE9-6070EE007CE3}
	EndGlobalSection
	GlobalSection(ExtensibilityGlobals) = postSolution
		SolutionGuid = {A0A0B995-5D0B-458E-BCC0-1071B76949D1}
	EndGlobalSection
EndGlobal
